// !$*UTF8*$!
{
	archiveVersion = 1;
	classes = {
	};
	objectVersion = 56;
	objects = {

/* Begin PBXBuildFile section */
		010AE4A32977CA810018F7E8 /* UIColor.swift in Sources */ = {isa = PBXBuildFile; fileRef = 010AE4A22977CA810018F7E8 /* UIColor.swift */; };
		010AE4AB2977D68D0018F7E8 /* ItemMovieCell.swift in Sources */ = {isa = PBXBuildFile; fileRef = 010AE4A92977D68D0018F7E8 /* ItemMovieCell.swift */; };
		010AE4AC2977D68D0018F7E8 /* ItemMovieCell.xib in Resources */ = {isa = PBXBuildFile; fileRef = 010AE4AA2977D68D0018F7E8 /* ItemMovieCell.xib */; };
		010AE4B6297816AE0018F7E8 /* ItemReviewCell.swift in Sources */ = {isa = PBXBuildFile; fileRef = 010AE4B4297816AE0018F7E8 /* ItemReviewCell.swift */; };
		010AE4B7297816AE0018F7E8 /* ItemReviewCell.xib in Resources */ = {isa = PBXBuildFile; fileRef = 010AE4B5297816AE0018F7E8 /* ItemReviewCell.xib */; };
		010AE4B9297839020018F7E8 /* UIButton.swift in Sources */ = {isa = PBXBuildFile; fileRef = 010AE4B8297839020018F7E8 /* UIButton.swift */; };
		010AE4BB2978F7560018F7E8 /* UIActivityIndicator.swift in Sources */ = {isa = PBXBuildFile; fileRef = 010AE4BA2978F7560018F7E8 /* UIActivityIndicator.swift */; };
		010AE4C9297BFDAD0018F7E8 /* UIViewController.swift in Sources */ = {isa = PBXBuildFile; fileRef = 010AE4C8297BFDAD0018F7E8 /* UIViewController.swift */; };
		010AE4CC297BFE700018F7E8 /* empty.json in Resources */ = {isa = PBXBuildFile; fileRef = 010AE4CB297BFE700018F7E8 /* empty.json */; };
		010AE4CE297C01CC0018F7E8 /* Double.swift in Sources */ = {isa = PBXBuildFile; fileRef = 010AE4CD297C01CC0018F7E8 /* Double.swift */; };
		01766FA12976952D00FED90A /* AppDelegate.swift in Sources */ = {isa = PBXBuildFile; fileRef = 01766FA02976952D00FED90A /* AppDelegate.swift */; };
		01766FA32976952D00FED90A /* SceneDelegate.swift in Sources */ = {isa = PBXBuildFile; fileRef = 01766FA22976952D00FED90A /* SceneDelegate.swift */; };
		01766FAA2976952E00FED90A /* Assets.xcassets in Resources */ = {isa = PBXBuildFile; fileRef = 01766FA92976952E00FED90A /* Assets.xcassets */; };
		01766FAD2976952E00FED90A /* LaunchScreen.storyboard in Resources */ = {isa = PBXBuildFile; fileRef = 01766FAB2976952E00FED90A /* LaunchScreen.storyboard */; };
		01DD74272977A83D0022419B /* UICollectionViewCell.swift in Sources */ = {isa = PBXBuildFile; fileRef = 01DD74262977A83D0022419B /* UICollectionViewCell.swift */; };
		01E619FD2977038A00792EB0 /* GenreVC.swift in Sources */ = {isa = PBXBuildFile; fileRef = 01E619FB2977038A00792EB0 /* GenreVC.swift */; };
		01E619FE2977038A00792EB0 /* GenreVC.xib in Resources */ = {isa = PBXBuildFile; fileRef = 01E619FC2977038A00792EB0 /* GenreVC.xib */; };
		01E61A03297704C600792EB0 /* ApiCall.swift in Sources */ = {isa = PBXBuildFile; fileRef = 01E61A02297704C600792EB0 /* ApiCall.swift */; };
		01E61A07297704D600792EB0 /* UIImage.swift in Sources */ = {isa = PBXBuildFile; fileRef = 01E61A06297704D600792EB0 /* UIImage.swift */; };
		01E61A09297704E200792EB0 /* UITableViewCell.swift in Sources */ = {isa = PBXBuildFile; fileRef = 01E61A08297704E200792EB0 /* UITableViewCell.swift */; };
		01E61A102977061400792EB0 /* DetailInteractor.swift in Sources */ = {isa = PBXBuildFile; fileRef = 01E61A0F2977061400792EB0 /* DetailInteractor.swift */; };
		01E61A122977061B00792EB0 /* DetailPresenter.swift in Sources */ = {isa = PBXBuildFile; fileRef = 01E61A112977061B00792EB0 /* DetailPresenter.swift */; };
		01E61A142977062200792EB0 /* DetailProtocols.swift in Sources */ = {isa = PBXBuildFile; fileRef = 01E61A132977062200792EB0 /* DetailProtocols.swift */; };
		01E61A162977062C00792EB0 /* Video.swift in Sources */ = {isa = PBXBuildFile; fileRef = 01E61A152977062C00792EB0 /* Video.swift */; };
		01E61A182977063100792EB0 /* Review.swift in Sources */ = {isa = PBXBuildFile; fileRef = 01E61A172977063100792EB0 /* Review.swift */; };
		01E61A1A2977063800792EB0 /* DetailRouter.swift in Sources */ = {isa = PBXBuildFile; fileRef = 01E61A192977063800792EB0 /* DetailRouter.swift */; };
		01E61A1E2977065F00792EB0 /* DetailVC.swift in Sources */ = {isa = PBXBuildFile; fileRef = 01E61A1C2977065F00792EB0 /* DetailVC.swift */; };
		01E61A1F2977065F00792EB0 /* DetailVC.xib in Resources */ = {isa = PBXBuildFile; fileRef = 01E61A1D2977065F00792EB0 /* DetailVC.xib */; };
		01E61A272977069F00792EB0 /* MovieRouter.swift in Sources */ = {isa = PBXBuildFile; fileRef = 01E61A262977069F00792EB0 /* MovieRouter.swift */; };
		01E61A29297706A800792EB0 /* Movies.swift in Sources */ = {isa = PBXBuildFile; fileRef = 01E61A28297706A800792EB0 /* Movies.swift */; };
		01E61A2B297706B100792EB0 /* MovieProtocols.swift in Sources */ = {isa = PBXBuildFile; fileRef = 01E61A2A297706B100792EB0 /* MovieProtocols.swift */; };
		01E61A2D297706B700792EB0 /* MoviePresenter.swift in Sources */ = {isa = PBXBuildFile; fileRef = 01E61A2C297706B700792EB0 /* MoviePresenter.swift */; };
		01E61A2F297706BD00792EB0 /* MovieInteractor.swift in Sources */ = {isa = PBXBuildFile; fileRef = 01E61A2E297706BD00792EB0 /* MovieInteractor.swift */; };
		01E61A32297706CD00792EB0 /* MovieVC.swift in Sources */ = {isa = PBXBuildFile; fileRef = 01E61A30297706CD00792EB0 /* MovieVC.swift */; };
		01E61A33297706CD00792EB0 /* MovieVC.xib in Resources */ = {isa = PBXBuildFile; fileRef = 01E61A31297706CD00792EB0 /* MovieVC.xib */; };
		01E61A3B2977070700792EB0 /* GenreRouter.swift in Sources */ = {isa = PBXBuildFile; fileRef = 01E61A3A2977070700792EB0 /* GenreRouter.swift */; };
		01E61A3D2977070C00792EB0 /* Genre.swift in Sources */ = {isa = PBXBuildFile; fileRef = 01E61A3C2977070C00792EB0 /* Genre.swift */; };
		01E61A3F2977071100792EB0 /* GenreProtocols.swift in Sources */ = {isa = PBXBuildFile; fileRef = 01E61A3E2977071100792EB0 /* GenreProtocols.swift */; };
		01E61A412977071800792EB0 /* GenrePresenter.swift in Sources */ = {isa = PBXBuildFile; fileRef = 01E61A402977071800792EB0 /* GenrePresenter.swift */; };
		01E61A432977072900792EB0 /* GenreInteractor.swift in Sources */ = {isa = PBXBuildFile; fileRef = 01E61A422977072900792EB0 /* GenreInteractor.swift */; };
		01E61A4D297791BD00792EB0 /* ItemGenreCell.swift in Sources */ = {isa = PBXBuildFile; fileRef = 01E61A4B297791BD00792EB0 /* ItemGenreCell.swift */; };
		01E61A5029779B2F00792EB0 /* UIView.swift in Sources */ = {isa = PBXBuildFile; fileRef = 01E61A4F29779B2F00792EB0 /* UIView.swift */; };
		2529E27D7839D6B1DDB0E1F0 /* Pods_TMDB_VIPER.framework in Frameworks */ = {isa = PBXBuildFile; fileRef = C5D9E311CFF9D9C84FF56B3B /* Pods_TMDB_VIPER.framework */; };
/* End PBXBuildFile section */

/* Begin PBXFileReference section */
		010AE4A22977CA810018F7E8 /* UIColor.swift */ = {isa = PBXFileReference; lastKnownFileType = sourcecode.swift; path = UIColor.swift; sourceTree = "<group>"; };
		010AE4A92977D68D0018F7E8 /* ItemMovieCell.swift */ = {isa = PBXFileReference; lastKnownFileType = sourcecode.swift; path = ItemMovieCell.swift; sourceTree = "<group>"; };
		010AE4AA2977D68D0018F7E8 /* ItemMovieCell.xib */ = {isa = PBXFileReference; lastKnownFileType = file.xib; path = ItemMovieCell.xib; sourceTree = "<group>"; };
		010AE4B4297816AE0018F7E8 /* ItemReviewCell.swift */ = {isa = PBXFileReference; lastKnownFileType = sourcecode.swift; path = ItemReviewCell.swift; sourceTree = "<group>"; };
		010AE4B5297816AE0018F7E8 /* ItemReviewCell.xib */ = {isa = PBXFileReference; lastKnownFileType = file.xib; path = ItemReviewCell.xib; sourceTree = "<group>"; };
		010AE4B8297839020018F7E8 /* UIButton.swift */ = {isa = PBXFileReference; lastKnownFileType = sourcecode.swift; path = UIButton.swift; sourceTree = "<group>"; };
		010AE4BA2978F7560018F7E8 /* UIActivityIndicator.swift */ = {isa = PBXFileReference; lastKnownFileType = sourcecode.swift; path = UIActivityIndicator.swift; sourceTree = "<group>"; };
		010AE4C8297BFDAD0018F7E8 /* UIViewController.swift */ = {isa = PBXFileReference; lastKnownFileType = sourcecode.swift; path = UIViewController.swift; sourceTree = "<group>"; };
		010AE4CB297BFE700018F7E8 /* empty.json */ = {isa = PBXFileReference; fileEncoding = 4; lastKnownFileType = text.json; path = empty.json; sourceTree = "<group>"; };
		010AE4CD297C01CC0018F7E8 /* Double.swift */ = {isa = PBXFileReference; lastKnownFileType = sourcecode.swift; path = Double.swift; sourceTree = "<group>"; };
		01766F9D2976952D00FED90A /* TMDB-VIPER.app */ = {isa = PBXFileReference; explicitFileType = wrapper.application; includeInIndex = 0; path = "TMDB-VIPER.app"; sourceTree = BUILT_PRODUCTS_DIR; };
		01766FA02976952D00FED90A /* AppDelegate.swift */ = {isa = PBXFileReference; lastKnownFileType = sourcecode.swift; path = AppDelegate.swift; sourceTree = "<group>"; };
		01766FA22976952D00FED90A /* SceneDelegate.swift */ = {isa = PBXFileReference; lastKnownFileType = sourcecode.swift; path = SceneDelegate.swift; sourceTree = "<group>"; };
		01766FA92976952E00FED90A /* Assets.xcassets */ = {isa = PBXFileReference; lastKnownFileType = folder.assetcatalog; path = Assets.xcassets; sourceTree = "<group>"; };
		01766FAC2976952E00FED90A /* Base */ = {isa = PBXFileReference; lastKnownFileType = file.storyboard; name = Base; path = Base.lproj/LaunchScreen.storyboard; sourceTree = "<group>"; };
		01766FAE2976952E00FED90A /* Info.plist */ = {isa = PBXFileReference; lastKnownFileType = text.plist.xml; path = Info.plist; sourceTree = "<group>"; };
		01DD74262977A83D0022419B /* UICollectionViewCell.swift */ = {isa = PBXFileReference; lastKnownFileType = sourcecode.swift; path = UICollectionViewCell.swift; sourceTree = "<group>"; };
		01E619FB2977038A00792EB0 /* GenreVC.swift */ = {isa = PBXFileReference; lastKnownFileType = sourcecode.swift; path = GenreVC.swift; sourceTree = "<group>"; };
		01E619FC2977038A00792EB0 /* GenreVC.xib */ = {isa = PBXFileReference; lastKnownFileType = file.xib; path = GenreVC.xib; sourceTree = "<group>"; };
		01E61A02297704C600792EB0 /* ApiCall.swift */ = {isa = PBXFileReference; lastKnownFileType = sourcecode.swift; path = ApiCall.swift; sourceTree = "<group>"; };
		01E61A06297704D600792EB0 /* UIImage.swift */ = {isa = PBXFileReference; lastKnownFileType = sourcecode.swift; path = UIImage.swift; sourceTree = "<group>"; };
		01E61A08297704E200792EB0 /* UITableViewCell.swift */ = {isa = PBXFileReference; lastKnownFileType = sourcecode.swift; path = UITableViewCell.swift; sourceTree = "<group>"; };
		01E61A0F2977061400792EB0 /* DetailInteractor.swift */ = {isa = PBXFileReference; lastKnownFileType = sourcecode.swift; path = DetailInteractor.swift; sourceTree = "<group>"; };
		01E61A112977061B00792EB0 /* DetailPresenter.swift */ = {isa = PBXFileReference; lastKnownFileType = sourcecode.swift; path = DetailPresenter.swift; sourceTree = "<group>"; };
		01E61A132977062200792EB0 /* DetailProtocols.swift */ = {isa = PBXFileReference; lastKnownFileType = sourcecode.swift; path = DetailProtocols.swift; sourceTree = "<group>"; };
		01E61A152977062C00792EB0 /* Video.swift */ = {isa = PBXFileReference; lastKnownFileType = sourcecode.swift; path = Video.swift; sourceTree = "<group>"; };
		01E61A172977063100792EB0 /* Review.swift */ = {isa = PBXFileReference; lastKnownFileType = sourcecode.swift; path = Review.swift; sourceTree = "<group>"; };
		01E61A192977063800792EB0 /* DetailRouter.swift */ = {isa = PBXFileReference; lastKnownFileType = sourcecode.swift; path = DetailRouter.swift; sourceTree = "<group>"; };
		01E61A1C2977065F00792EB0 /* DetailVC.swift */ = {isa = PBXFileReference; lastKnownFileType = sourcecode.swift; path = DetailVC.swift; sourceTree = "<group>"; };
		01E61A1D2977065F00792EB0 /* DetailVC.xib */ = {isa = PBXFileReference; lastKnownFileType = file.xib; path = DetailVC.xib; sourceTree = "<group>"; };
		01E61A262977069F00792EB0 /* MovieRouter.swift */ = {isa = PBXFileReference; lastKnownFileType = sourcecode.swift; path = MovieRouter.swift; sourceTree = "<group>"; };
		01E61A28297706A800792EB0 /* Movies.swift */ = {isa = PBXFileReference; lastKnownFileType = sourcecode.swift; path = Movies.swift; sourceTree = "<group>"; };
		01E61A2A297706B100792EB0 /* MovieProtocols.swift */ = {isa = PBXFileReference; lastKnownFileType = sourcecode.swift; path = MovieProtocols.swift; sourceTree = "<group>"; };
		01E61A2C297706B700792EB0 /* MoviePresenter.swift */ = {isa = PBXFileReference; lastKnownFileType = sourcecode.swift; path = MoviePresenter.swift; sourceTree = "<group>"; };
		01E61A2E297706BD00792EB0 /* MovieInteractor.swift */ = {isa = PBXFileReference; lastKnownFileType = sourcecode.swift; path = MovieInteractor.swift; sourceTree = "<group>"; };
		01E61A30297706CD00792EB0 /* MovieVC.swift */ = {isa = PBXFileReference; lastKnownFileType = sourcecode.swift; path = MovieVC.swift; sourceTree = "<group>"; };
		01E61A31297706CD00792EB0 /* MovieVC.xib */ = {isa = PBXFileReference; lastKnownFileType = file.xib; path = MovieVC.xib; sourceTree = "<group>"; };
		01E61A3A2977070700792EB0 /* GenreRouter.swift */ = {isa = PBXFileReference; lastKnownFileType = sourcecode.swift; path = GenreRouter.swift; sourceTree = "<group>"; };
		01E61A3C2977070C00792EB0 /* Genre.swift */ = {isa = PBXFileReference; lastKnownFileType = sourcecode.swift; path = Genre.swift; sourceTree = "<group>"; };
		01E61A3E2977071100792EB0 /* GenreProtocols.swift */ = {isa = PBXFileReference; lastKnownFileType = sourcecode.swift; path = GenreProtocols.swift; sourceTree = "<group>"; };
		01E61A402977071800792EB0 /* GenrePresenter.swift */ = {isa = PBXFileReference; lastKnownFileType = sourcecode.swift; path = GenrePresenter.swift; sourceTree = "<group>"; };
		01E61A422977072900792EB0 /* GenreInteractor.swift */ = {isa = PBXFileReference; lastKnownFileType = sourcecode.swift; path = GenreInteractor.swift; sourceTree = "<group>"; };
		01E61A4B297791BD00792EB0 /* ItemGenreCell.swift */ = {isa = PBXFileReference; lastKnownFileType = sourcecode.swift; path = ItemGenreCell.swift; sourceTree = "<group>"; };
		01E61A4F29779B2F00792EB0 /* UIView.swift */ = {isa = PBXFileReference; lastKnownFileType = sourcecode.swift; path = UIView.swift; sourceTree = "<group>"; };
		96E5FF410B9E8AF9FAE37440 /* Pods-TMDB-VIPER.debug.xcconfig */ = {isa = PBXFileReference; includeInIndex = 1; lastKnownFileType = text.xcconfig; name = "Pods-TMDB-VIPER.debug.xcconfig"; path = "Target Support Files/Pods-TMDB-VIPER/Pods-TMDB-VIPER.debug.xcconfig"; sourceTree = "<group>"; };
		A9FCEA145E8AF788D5B5A489 /* Pods-TMDB-VIPER.release.xcconfig */ = {isa = PBXFileReference; includeInIndex = 1; lastKnownFileType = text.xcconfig; name = "Pods-TMDB-VIPER.release.xcconfig"; path = "Target Support Files/Pods-TMDB-VIPER/Pods-TMDB-VIPER.release.xcconfig"; sourceTree = "<group>"; };
		C5D9E311CFF9D9C84FF56B3B /* Pods_TMDB_VIPER.framework */ = {isa = PBXFileReference; explicitFileType = wrapper.framework; includeInIndex = 0; path = Pods_TMDB_VIPER.framework; sourceTree = BUILT_PRODUCTS_DIR; };
/* End PBXFileReference section */

/* Begin PBXFrameworksBuildPhase section */
		01766F9A2976952D00FED90A /* Frameworks */ = {
			isa = PBXFrameworksBuildPhase;
			buildActionMask = 2147483647;
			files = (
				2529E27D7839D6B1DDB0E1F0 /* Pods_TMDB_VIPER.framework in Frameworks */,
			);
			runOnlyForDeploymentPostprocessing = 0;
		};
/* End PBXFrameworksBuildPhase section */

/* Begin PBXGroup section */
		010AE4A82977D67B0018F7E8 /* cell */ = {
			isa = PBXGroup;
			children = (
				010AE4A92977D68D0018F7E8 /* ItemMovieCell.swift */,
				010AE4AA2977D68D0018F7E8 /* ItemMovieCell.xib */,
			);
			path = cell;
			sourceTree = "<group>";
		};
		010AE4CA297BFE2E0018F7E8 /* lottie */ = {
			isa = PBXGroup;
			children = (
				010AE4CB297BFE700018F7E8 /* empty.json */,
			);
			path = lottie;
			sourceTree = "<group>";
		};
		010AE4D3297E86170018F7E8 /* view */ = {
			isa = PBXGroup;
			children = (
				010AE4D4297E86200018F7E8 /* cell */,
				010AE4B4297816AE0018F7E8 /* ItemReviewCell.swift */,
				010AE4B5297816AE0018F7E8 /* ItemReviewCell.xib */,
			);
			path = view;
			sourceTree = "<group>";
		};
		010AE4D4297E86200018F7E8 /* cell */ = {
			isa = PBXGroup;
			children = (
				01E61A1C2977065F00792EB0 /* DetailVC.swift */,
				01E61A1D2977065F00792EB0 /* DetailVC.xib */,
			);
			path = cell;
			sourceTree = "<group>";
		};
		01766F942976952D00FED90A = {
			isa = PBXGroup;
			children = (
				01766F9F2976952D00FED90A /* TMDB-VIPER */,
				01766F9E2976952D00FED90A /* Products */,
				E0882E40FAB3872B5182C069 /* Pods */,
				D59622E1FA9667BDBE56AAD0 /* Frameworks */,
			);
			sourceTree = "<group>";
		};
		01766F9E2976952D00FED90A /* Products */ = {
			isa = PBXGroup;
			children = (
				01766F9D2976952D00FED90A /* TMDB-VIPER.app */,
			);
			name = Products;
			sourceTree = "<group>";
		};
		01766F9F2976952D00FED90A /* TMDB-VIPER */ = {
			isa = PBXGroup;
			children = (
				01E619FA2977030700792EB0 /* main */,
				01E619F92977030000792EB0 /* feature */,
				01E619F8297702FA00792EB0 /* utils */,
				01E619F7297702F200792EB0 /* extenstion */,
				01E619F6297702E500792EB0 /* resources */,
			);
			path = "TMDB-VIPER";
			sourceTree = "<group>";
		};
		01E619F6297702E500792EB0 /* resources */ = {
			isa = PBXGroup;
			children = (
				010AE4CA297BFE2E0018F7E8 /* lottie */,
				01766FAE2976952E00FED90A /* Info.plist */,
				01766FA92976952E00FED90A /* Assets.xcassets */,
			);
			path = resources;
			sourceTree = "<group>";
		};
		01E619F7297702F200792EB0 /* extenstion */ = {
			isa = PBXGroup;
			children = (
				01E61A06297704D600792EB0 /* UIImage.swift */,
				01E61A08297704E200792EB0 /* UITableViewCell.swift */,
				01E61A4F29779B2F00792EB0 /* UIView.swift */,
				01DD74262977A83D0022419B /* UICollectionViewCell.swift */,
				010AE4A22977CA810018F7E8 /* UIColor.swift */,
				010AE4B8297839020018F7E8 /* UIButton.swift */,
				010AE4BA2978F7560018F7E8 /* UIActivityIndicator.swift */,
				010AE4C8297BFDAD0018F7E8 /* UIViewController.swift */,
				010AE4CD297C01CC0018F7E8 /* Double.swift */,
			);
			path = extenstion;
			sourceTree = "<group>";
		};
		01E619F8297702FA00792EB0 /* utils */ = {
			isa = PBXGroup;
			children = (
				01E61A02297704C600792EB0 /* ApiCall.swift */,
			);
			path = utils;
			sourceTree = "<group>";
		};
		01E619F92977030000792EB0 /* feature */ = {
			isa = PBXGroup;
			children = (
				01E61A01297704B300792EB0 /* Genre */,
				01E61A00297704AF00792EB0 /* Movies */,
				01E619FF297704A400792EB0 /* Detail */,
			);
			path = feature;
			sourceTree = "<group>";
		};
		01E619FA2977030700792EB0 /* main */ = {
			isa = PBXGroup;
			children = (
				01766FA02976952D00FED90A /* AppDelegate.swift */,
				01766FA22976952D00FED90A /* SceneDelegate.swift */,
				01766FAB2976952E00FED90A /* LaunchScreen.storyboard */,
			);
			path = main;
			sourceTree = "<group>";
		};
		01E619FF297704A400792EB0 /* Detail */ = {
			isa = PBXGroup;
			children = (
				010AE4D3297E86170018F7E8 /* view */,
				01E61A0E297705F100792EB0 /* interactor */,
				01E61A0D297705E100792EB0 /* presenter */,
				01E61A0C297705DA00792EB0 /* protocols */,
				01E61A0B297705D300792EB0 /* entity */,
				01E61A0A297705C900792EB0 /* router */,
			);
			path = Detail;
			sourceTree = "<group>";
		};
		01E61A00297704AF00792EB0 /* Movies */ = {
			isa = PBXGroup;
			children = (
				01E61A252977068D00792EB0 /* view */,
				01E61A242977068800792EB0 /* interactor */,
				01E61A232977067F00792EB0 /* presenter */,
				01E61A222977067900792EB0 /* protocols */,
				01E61A212977066F00792EB0 /* entity */,
				01E61A202977066A00792EB0 /* router */,
			);
			path = Movies;
			sourceTree = "<group>";
		};
		01E61A01297704B300792EB0 /* Genre */ = {
			isa = PBXGroup;
			children = (
				01E61A39297706F600792EB0 /* view */,
				01E61A38297706F000792EB0 /* interactor */,
				01E61A37297706EB00792EB0 /* presenter */,
				01E61A36297706E400792EB0 /* protocols */,
				01E61A35297706D900792EB0 /* entity */,
				01E61A34297706D400792EB0 /* router */,
			);
			path = Genre;
			sourceTree = "<group>";
		};
		01E61A0A297705C900792EB0 /* router */ = {
			isa = PBXGroup;
			children = (
				01E61A192977063800792EB0 /* DetailRouter.swift */,
			);
			path = router;
			sourceTree = "<group>";
		};
		01E61A0B297705D300792EB0 /* entity */ = {
			isa = PBXGroup;
			children = (
				01E61A152977062C00792EB0 /* Video.swift */,
				01E61A172977063100792EB0 /* Review.swift */,
			);
			path = entity;
			sourceTree = "<group>";
		};
		01E61A0C297705DA00792EB0 /* protocols */ = {
			isa = PBXGroup;
			children = (
				01E61A132977062200792EB0 /* DetailProtocols.swift */,
			);
			path = protocols;
			sourceTree = "<group>";
		};
		01E61A0D297705E100792EB0 /* presenter */ = {
			isa = PBXGroup;
			children = (
				01E61A112977061B00792EB0 /* DetailPresenter.swift */,
			);
			path = presenter;
			sourceTree = "<group>";
		};
		01E61A0E297705F100792EB0 /* interactor */ = {
			isa = PBXGroup;
			children = (
				01E61A0F2977061400792EB0 /* DetailInteractor.swift */,
			);
			path = interactor;
			sourceTree = "<group>";
		};
		01E61A202977066A00792EB0 /* router */ = {
			isa = PBXGroup;
			children = (
				01E61A262977069F00792EB0 /* MovieRouter.swift */,
			);
			path = router;
			sourceTree = "<group>";
		};
		01E61A212977066F00792EB0 /* entity */ = {
			isa = PBXGroup;
			children = (
				01E61A28297706A800792EB0 /* Movies.swift */,
			);
			path = entity;
			sourceTree = "<group>";
		};
		01E61A222977067900792EB0 /* protocols */ = {
			isa = PBXGroup;
			children = (
				01E61A2A297706B100792EB0 /* MovieProtocols.swift */,
			);
			path = protocols;
			sourceTree = "<group>";
		};
		01E61A232977067F00792EB0 /* presenter */ = {
			isa = PBXGroup;
			children = (
				01E61A2C297706B700792EB0 /* MoviePresenter.swift */,
			);
			path = presenter;
			sourceTree = "<group>";
		};
		01E61A242977068800792EB0 /* interactor */ = {
			isa = PBXGroup;
			children = (
				01E61A2E297706BD00792EB0 /* MovieInteractor.swift */,
			);
			path = interactor;
			sourceTree = "<group>";
		};
		01E61A252977068D00792EB0 /* view */ = {
			isa = PBXGroup;
			children = (
				010AE4A82977D67B0018F7E8 /* cell */,
				01E61A30297706CD00792EB0 /* MovieVC.swift */,
				01E61A31297706CD00792EB0 /* MovieVC.xib */,
			);
			path = view;
			sourceTree = "<group>";
		};
		01E61A34297706D400792EB0 /* router */ = {
			isa = PBXGroup;
			children = (
				01E61A3A2977070700792EB0 /* GenreRouter.swift */,
			);
			path = router;
			sourceTree = "<group>";
		};
		01E61A35297706D900792EB0 /* entity */ = {
			isa = PBXGroup;
			children = (
				01E61A3C2977070C00792EB0 /* Genre.swift */,
			);
			path = entity;
			sourceTree = "<group>";
		};
		01E61A36297706E400792EB0 /* protocols */ = {
			isa = PBXGroup;
			children = (
				01E61A3E2977071100792EB0 /* GenreProtocols.swift */,
			);
			path = protocols;
			sourceTree = "<group>";
		};
		01E61A37297706EB00792EB0 /* presenter */ = {
			isa = PBXGroup;
			children = (
				01E61A402977071800792EB0 /* GenrePresenter.swift */,
			);
			path = presenter;
			sourceTree = "<group>";
		};
		01E61A38297706F000792EB0 /* interactor */ = {
			isa = PBXGroup;
			children = (
				01E61A422977072900792EB0 /* GenreInteractor.swift */,
			);
			path = interactor;
			sourceTree = "<group>";
		};
		01E61A39297706F600792EB0 /* view */ = {
			isa = PBXGroup;
			children = (
				01E61A482977918D00792EB0 /* cell */,
				01E619FB2977038A00792EB0 /* GenreVC.swift */,
				01E619FC2977038A00792EB0 /* GenreVC.xib */,
			);
			path = view;
			sourceTree = "<group>";
		};
		01E61A482977918D00792EB0 /* cell */ = {
			isa = PBXGroup;
			children = (
				01E61A4B297791BD00792EB0 /* ItemGenreCell.swift */,
			);
			path = cell;
			sourceTree = "<group>";
		};
		D59622E1FA9667BDBE56AAD0 /* Frameworks */ = {
			isa = PBXGroup;
			children = (
				C5D9E311CFF9D9C84FF56B3B /* Pods_TMDB_VIPER.framework */,
			);
			name = Frameworks;
			sourceTree = "<group>";
		};
		E0882E40FAB3872B5182C069 /* Pods */ = {
			isa = PBXGroup;
			children = (
				96E5FF410B9E8AF9FAE37440 /* Pods-TMDB-VIPER.debug.xcconfig */,
				A9FCEA145E8AF788D5B5A489 /* Pods-TMDB-VIPER.release.xcconfig */,
			);
			path = Pods;
			sourceTree = "<group>";
		};
/* End PBXGroup section */

/* Begin PBXNativeTarget section */
		01766F9C2976952D00FED90A /* TMDB-VIPER */ = {
			isa = PBXNativeTarget;
			buildConfigurationList = 01766FB12976952E00FED90A /* Build configuration list for PBXNativeTarget "TMDB-VIPER" */;
			buildPhases = (
				DD5D4E978F052A880CCF8F9C /* [CP] Check Pods Manifest.lock */,
				01766F992976952D00FED90A /* Sources */,
				01766F9A2976952D00FED90A /* Frameworks */,
				01766F9B2976952D00FED90A /* Resources */,
				43BC96584AB21813D2381903 /* [CP] Embed Pods Frameworks */,
			);
			buildRules = (
			);
			dependencies = (
			);
			name = "TMDB-VIPER";
			productName = "TMDB-VIPER";
			productReference = 01766F9D2976952D00FED90A /* TMDB-VIPER.app */;
			productType = "com.apple.product-type.application";
		};
/* End PBXNativeTarget section */

/* Begin PBXProject section */
		01766F952976952D00FED90A /* Project object */ = {
			isa = PBXProject;
			attributes = {
				BuildIndependentTargetsInParallel = 1;
				LastSwiftUpdateCheck = 1420;
				LastUpgradeCheck = 1420;
				TargetAttributes = {
					01766F9C2976952D00FED90A = {
						CreatedOnToolsVersion = 14.2;
					};
				};
			};
			buildConfigurationList = 01766F982976952D00FED90A /* Build configuration list for PBXProject "TMDB-VIPER" */;
			compatibilityVersion = "Xcode 14.0";
			developmentRegion = en;
			hasScannedForEncodings = 0;
			knownRegions = (
				en,
				Base,
			);
			mainGroup = 01766F942976952D00FED90A;
			productRefGroup = 01766F9E2976952D00FED90A /* Products */;
			projectDirPath = "";
			projectRoot = "";
			targets = (
				01766F9C2976952D00FED90A /* TMDB-VIPER */,
			);
		};
/* End PBXProject section */

/* Begin PBXResourcesBuildPhase section */
		01766F9B2976952D00FED90A /* Resources */ = {
			isa = PBXResourcesBuildPhase;
			buildActionMask = 2147483647;
			files = (
				01766FAD2976952E00FED90A /* LaunchScreen.storyboard in Resources */,
				010AE4AC2977D68D0018F7E8 /* ItemMovieCell.xib in Resources */,
				01E61A1F2977065F00792EB0 /* DetailVC.xib in Resources */,
				010AE4B7297816AE0018F7E8 /* ItemReviewCell.xib in Resources */,
				01766FAA2976952E00FED90A /* Assets.xcassets in Resources */,
				01E61A33297706CD00792EB0 /* MovieVC.xib in Resources */,
				010AE4CC297BFE700018F7E8 /* empty.json in Resources */,
				01E619FE2977038A00792EB0 /* GenreVC.xib in Resources */,
			);
			runOnlyForDeploymentPostprocessing = 0;
		};
/* End PBXResourcesBuildPhase section */

/* Begin PBXShellScriptBuildPhase section */
		43BC96584AB21813D2381903 /* [CP] Embed Pods Frameworks */ = {
			isa = PBXShellScriptBuildPhase;
			buildActionMask = 2147483647;
			files = (
			);
			inputFileListPaths = (
				"${PODS_ROOT}/Target Support Files/Pods-TMDB-VIPER/Pods-TMDB-VIPER-frameworks-${CONFIGURATION}-input-files.xcfilelist",
			);
			name = "[CP] Embed Pods Frameworks";
			outputFileListPaths = (
				"${PODS_ROOT}/Target Support Files/Pods-TMDB-VIPER/Pods-TMDB-VIPER-frameworks-${CONFIGURATION}-output-files.xcfilelist",
			);
			runOnlyForDeploymentPostprocessing = 0;
			shellPath = /bin/sh;
			shellScript = "\"${PODS_ROOT}/Target Support Files/Pods-TMDB-VIPER/Pods-TMDB-VIPER-frameworks.sh\"\n";
			showEnvVarsInLog = 0;
		};
		DD5D4E978F052A880CCF8F9C /* [CP] Check Pods Manifest.lock */ = {
			isa = PBXShellScriptBuildPhase;
			buildActionMask = 2147483647;
			files = (
			);
			inputFileListPaths = (
			);
			inputPaths = (
				"${PODS_PODFILE_DIR_PATH}/Podfile.lock",
				"${PODS_ROOT}/Manifest.lock",
			);
			name = "[CP] Check Pods Manifest.lock";
			outputFileListPaths = (
			);
			outputPaths = (
				"$(DERIVED_FILE_DIR)/Pods-TMDB-VIPER-checkManifestLockResult.txt",
			);
			runOnlyForDeploymentPostprocessing = 0;
			shellPath = /bin/sh;
			shellScript = "diff \"${PODS_PODFILE_DIR_PATH}/Podfile.lock\" \"${PODS_ROOT}/Manifest.lock\" > /dev/null\nif [ $? != 0 ] ; then\n    # print error to STDERR\n    echo \"error: The sandbox is not in sync with the Podfile.lock. Run 'pod install' or update your CocoaPods installation.\" >&2\n    exit 1\nfi\n# This output is used by Xcode 'outputs' to avoid re-running this script phase.\necho \"SUCCESS\" > \"${SCRIPT_OUTPUT_FILE_0}\"\n";
			showEnvVarsInLog = 0;
		};
/* End PBXShellScriptBuildPhase section */

/* Begin PBXSourcesBuildPhase section */
		01766F992976952D00FED90A /* Sources */ = {
			isa = PBXSourcesBuildPhase;
			buildActionMask = 2147483647;
			files = (
				01E61A412977071800792EB0 /* GenrePresenter.swift in Sources */,
				01E619FD2977038A00792EB0 /* GenreVC.swift in Sources */,
				01766FA12976952D00FED90A /* AppDelegate.swift in Sources */,
				010AE4B9297839020018F7E8 /* UIButton.swift in Sources */,
				01E61A122977061B00792EB0 /* DetailPresenter.swift in Sources */,
				010AE4B6297816AE0018F7E8 /* ItemReviewCell.swift in Sources */,
				010AE4A32977CA810018F7E8 /* UIColor.swift in Sources */,
				01E61A432977072900792EB0 /* GenreInteractor.swift in Sources */,
				010AE4C9297BFDAD0018F7E8 /* UIViewController.swift in Sources */,
				01E61A3D2977070C00792EB0 /* Genre.swift in Sources */,
				01E61A4D297791BD00792EB0 /* ItemGenreCell.swift in Sources */,
				01E61A5029779B2F00792EB0 /* UIView.swift in Sources */,
				01E61A1A2977063800792EB0 /* DetailRouter.swift in Sources */,
				010AE4CE297C01CC0018F7E8 /* Double.swift in Sources */,
				01E61A2F297706BD00792EB0 /* MovieInteractor.swift in Sources */,
				01E61A3F2977071100792EB0 /* GenreProtocols.swift in Sources */,
				01E61A09297704E200792EB0 /* UITableViewCell.swift in Sources */,
				010AE4BB2978F7560018F7E8 /* UIActivityIndicator.swift in Sources */,
				01E61A29297706A800792EB0 /* Movies.swift in Sources */,
				01E61A2D297706B700792EB0 /* MoviePresenter.swift in Sources */,
				01E61A32297706CD00792EB0 /* MovieVC.swift in Sources */,
				01E61A182977063100792EB0 /* Review.swift in Sources */,
				01E61A07297704D600792EB0 /* UIImage.swift in Sources */,
				01E61A272977069F00792EB0 /* MovieRouter.swift in Sources */,
				01E61A03297704C600792EB0 /* ApiCall.swift in Sources */,
				01E61A162977062C00792EB0 /* Video.swift in Sources */,
				01766FA32976952D00FED90A /* SceneDelegate.swift in Sources */,
				01DD74272977A83D0022419B /* UICollectionViewCell.swift in Sources */,
				01E61A3B2977070700792EB0 /* GenreRouter.swift in Sources */,
				01E61A142977062200792EB0 /* DetailProtocols.swift in Sources */,
				01E61A2B297706B100792EB0 /* MovieProtocols.swift in Sources */,
				01E61A102977061400792EB0 /* DetailInteractor.swift in Sources */,
				01E61A1E2977065F00792EB0 /* DetailVC.swift in Sources */,
				010AE4AB2977D68D0018F7E8 /* ItemMovieCell.swift in Sources */,
			);
			runOnlyForDeploymentPostprocessing = 0;
		};
/* End PBXSourcesBuildPhase section */

/* Begin PBXVariantGroup section */
		01766FAB2976952E00FED90A /* LaunchScreen.storyboard */ = {
			isa = PBXVariantGroup;
			children = (
				01766FAC2976952E00FED90A /* Base */,
			);
			name = LaunchScreen.storyboard;
			sourceTree = "<group>";
		};
/* End PBXVariantGroup section */

/* Begin XCBuildConfiguration section */
		01766FAF2976952E00FED90A /* Debug */ = {
			isa = XCBuildConfiguration;
			buildSettings = {
				ALWAYS_SEARCH_USER_PATHS = NO;
				CLANG_ANALYZER_NONNULL = YES;
				CLANG_ANALYZER_NUMBER_OBJECT_CONVERSION = YES_AGGRESSIVE;
				CLANG_CXX_LANGUAGE_STANDARD = "gnu++20";
				CLANG_ENABLE_MODULES = YES;
				CLANG_ENABLE_OBJC_ARC = YES;
				CLANG_ENABLE_OBJC_WEAK = YES;
				CLANG_WARN_BLOCK_CAPTURE_AUTORELEASING = YES;
				CLANG_WARN_BOOL_CONVERSION = YES;
				CLANG_WARN_COMMA = YES;
				CLANG_WARN_CONSTANT_CONVERSION = YES;
				CLANG_WARN_DEPRECATED_OBJC_IMPLEMENTATIONS = YES;
				CLANG_WARN_DIRECT_OBJC_ISA_USAGE = YES_ERROR;
				CLANG_WARN_DOCUMENTATION_COMMENTS = YES;
				CLANG_WARN_EMPTY_BODY = YES;
				CLANG_WARN_ENUM_CONVERSION = YES;
				CLANG_WARN_INFINITE_RECURSION = YES;
				CLANG_WARN_INT_CONVERSION = YES;
				CLANG_WARN_NON_LITERAL_NULL_CONVERSION = YES;
				CLANG_WARN_OBJC_IMPLICIT_RETAIN_SELF = YES;
				CLANG_WARN_OBJC_LITERAL_CONVERSION = YES;
				CLANG_WARN_OBJC_ROOT_CLASS = YES_ERROR;
				CLANG_WARN_QUOTED_INCLUDE_IN_FRAMEWORK_HEADER = YES;
				CLANG_WARN_RANGE_LOOP_ANALYSIS = YES;
				CLANG_WARN_STRICT_PROTOTYPES = YES;
				CLANG_WARN_SUSPICIOUS_MOVE = YES;
				CLANG_WARN_UNGUARDED_AVAILABILITY = YES_AGGRESSIVE;
				CLANG_WARN_UNREACHABLE_CODE = YES;
				CLANG_WARN__DUPLICATE_METHOD_MATCH = YES;
				COPY_PHASE_STRIP = NO;
				DEBUG_INFORMATION_FORMAT = dwarf;
				ENABLE_STRICT_OBJC_MSGSEND = YES;
				ENABLE_TESTABILITY = YES;
				GCC_C_LANGUAGE_STANDARD = gnu11;
				GCC_DYNAMIC_NO_PIC = NO;
				GCC_NO_COMMON_BLOCKS = YES;
				GCC_OPTIMIZATION_LEVEL = 0;
				GCC_PREPROCESSOR_DEFINITIONS = (
					"DEBUG=1",
					"$(inherited)",
				);
				GCC_WARN_64_TO_32_BIT_CONVERSION = YES;
				GCC_WARN_ABOUT_RETURN_TYPE = YES_ERROR;
				GCC_WARN_UNDECLARED_SELECTOR = YES;
				GCC_WARN_UNINITIALIZED_AUTOS = YES_AGGRESSIVE;
				GCC_WARN_UNUSED_FUNCTION = YES;
				GCC_WARN_UNUSED_VARIABLE = YES;
				IPHONEOS_DEPLOYMENT_TARGET = 16.2;
				MTL_ENABLE_DEBUG_INFO = INCLUDE_SOURCE;
				MTL_FAST_MATH = YES;
				ONLY_ACTIVE_ARCH = YES;
				SDKROOT = iphoneos;
				SWIFT_ACTIVE_COMPILATION_CONDITIONS = DEBUG;
				SWIFT_OPTIMIZATION_LEVEL = "-Onone";
			};
			name = Debug;
		};
		01766FB02976952E00FED90A /* Release */ = {
			isa = XCBuildConfiguration;
			buildSettings = {
				ALWAYS_SEARCH_USER_PATHS = NO;
				CLANG_ANALYZER_NONNULL = YES;
				CLANG_ANALYZER_NUMBER_OBJECT_CONVERSION = YES_AGGRESSIVE;
				CLANG_CXX_LANGUAGE_STANDARD = "gnu++20";
				CLANG_ENABLE_MODULES = YES;
				CLANG_ENABLE_OBJC_ARC = YES;
				CLANG_ENABLE_OBJC_WEAK = YES;
				CLANG_WARN_BLOCK_CAPTURE_AUTORELEASING = YES;
				CLANG_WARN_BOOL_CONVERSION = YES;
				CLANG_WARN_COMMA = YES;
				CLANG_WARN_CONSTANT_CONVERSION = YES;
				CLANG_WARN_DEPRECATED_OBJC_IMPLEMENTATIONS = YES;
				CLANG_WARN_DIRECT_OBJC_ISA_USAGE = YES_ERROR;
				CLANG_WARN_DOCUMENTATION_COMMENTS = YES;
				CLANG_WARN_EMPTY_BODY = YES;
				CLANG_WARN_ENUM_CONVERSION = YES;
				CLANG_WARN_INFINITE_RECURSION = YES;
				CLANG_WARN_INT_CONVERSION = YES;
				CLANG_WARN_NON_LITERAL_NULL_CONVERSION = YES;
				CLANG_WARN_OBJC_IMPLICIT_RETAIN_SELF = YES;
				CLANG_WARN_OBJC_LITERAL_CONVERSION = YES;
				CLANG_WARN_OBJC_ROOT_CLASS = YES_ERROR;
				CLANG_WARN_QUOTED_INCLUDE_IN_FRAMEWORK_HEADER = YES;
				CLANG_WARN_RANGE_LOOP_ANALYSIS = YES;
				CLANG_WARN_STRICT_PROTOTYPES = YES;
				CLANG_WARN_SUSPICIOUS_MOVE = YES;
				CLANG_WARN_UNGUARDED_AVAILABILITY = YES_AGGRESSIVE;
				CLANG_WARN_UNREACHABLE_CODE = YES;
				CLANG_WARN__DUPLICATE_METHOD_MATCH = YES;
				COPY_PHASE_STRIP = NO;
				DEBUG_INFORMATION_FORMAT = "dwarf-with-dsym";
				ENABLE_NS_ASSERTIONS = NO;
				ENABLE_STRICT_OBJC_MSGSEND = YES;
				GCC_C_LANGUAGE_STANDARD = gnu11;
				GCC_NO_COMMON_BLOCKS = YES;
				GCC_WARN_64_TO_32_BIT_CONVERSION = YES;
				GCC_WARN_ABOUT_RETURN_TYPE = YES_ERROR;
				GCC_WARN_UNDECLARED_SELECTOR = YES;
				GCC_WARN_UNINITIALIZED_AUTOS = YES_AGGRESSIVE;
				GCC_WARN_UNUSED_FUNCTION = YES;
				GCC_WARN_UNUSED_VARIABLE = YES;
				IPHONEOS_DEPLOYMENT_TARGET = 16.2;
				MTL_ENABLE_DEBUG_INFO = NO;
				MTL_FAST_MATH = YES;
				SDKROOT = iphoneos;
				SWIFT_COMPILATION_MODE = wholemodule;
				SWIFT_OPTIMIZATION_LEVEL = "-O";
				VALIDATE_PRODUCT = YES;
			};
			name = Release;
		};
		01766FB22976952E00FED90A /* Debug */ = {
			isa = XCBuildConfiguration;
			baseConfigurationReference = 96E5FF410B9E8AF9FAE37440 /* Pods-TMDB-VIPER.debug.xcconfig */;
			buildSettings = {
				ASSETCATALOG_COMPILER_APPICON_NAME = AppIcon;
				ASSETCATALOG_COMPILER_GLOBAL_ACCENT_COLOR_NAME = AccentColor;
				CODE_SIGN_STYLE = Automatic;
				CURRENT_PROJECT_VERSION = 1;
				DEFINES_MODULE = NO;
				DEVELOPMENT_TEAM = DA8L68M7F2;
				GENERATE_INFOPLIST_FILE = YES;
				INFOPLIST_FILE = "TMDB-VIPER/resources/Info.plist";
				INFOPLIST_KEY_UIApplicationSupportsIndirectInputEvents = YES;
				INFOPLIST_KEY_UILaunchStoryboardName = LaunchScreen.storyboard;
				INFOPLIST_KEY_UISupportedInterfaceOrientations = UIInterfaceOrientationPortrait;
				INFOPLIST_KEY_UISupportedInterfaceOrientations_iPad = "UIInterfaceOrientationLandscapeLeft UIInterfaceOrientationLandscapeRight UIInterfaceOrientationPortrait UIInterfaceOrientationPortraitUpsideDown";
				IPHONEOS_DEPLOYMENT_TARGET = 13.0;
				LD_RUNPATH_SEARCH_PATHS = (
					"$(inherited)",
					"@executable_path/Frameworks",
				);
				MARKETING_VERSION = 1.0;
				PRODUCT_BUNDLE_IDENTIFIER = "rrdev.TMDB-VIPER";
				PRODUCT_NAME = "$(TARGET_NAME)";
				SUPPORTED_PLATFORMS = "iphoneos iphonesimulator";
				SUPPORTS_MACCATALYST = NO;
				SUPPORTS_MAC_DESIGNED_FOR_IPHONE_IPAD = NO;
				SWIFT_EMIT_LOC_STRINGS = YES;
				SWIFT_VERSION = 5.0;
				TARGETED_DEVICE_FAMILY = 1;
			};
			name = Debug;
		};
		01766FB32976952E00FED90A /* Release */ = {
			isa = XCBuildConfiguration;
			baseConfigurationReference = A9FCEA145E8AF788D5B5A489 /* Pods-TMDB-VIPER.release.xcconfig */;
			buildSettings = {
				ASSETCATALOG_COMPILER_APPICON_NAME = AppIcon;
				ASSETCATALOG_COMPILER_GLOBAL_ACCENT_COLOR_NAME = AccentColor;
				CODE_SIGN_STYLE = Automatic;
				CURRENT_PROJECT_VERSION = 1;
				DEFINES_MODULE = NO;
				DEVELOPMENT_TEAM = DA8L68M7F2;
				GENERATE_INFOPLIST_FILE = YES;
				INFOPLIST_FILE = "TMDB-VIPER/resources/Info.plist";
				INFOPLIST_KEY_UIApplicationSupportsIndirectInputEvents = YES;
				INFOPLIST_KEY_UILaunchStoryboardName = LaunchScreen.storyboard;
				INFOPLIST_KEY_UISupportedInterfaceOrientations = UIInterfaceOrientationPortrait;
				INFOPLIST_KEY_UISupportedInterfaceOrientations_iPad = "UIInterfaceOrientationLandscapeLeft UIInterfaceOrientationLandscapeRight UIInterfaceOrientationPortrait UIInterfaceOrientationPortraitUpsideDown";
				IPHONEOS_DEPLOYMENT_TARGET = 13.0;
				LD_RUNPATH_SEARCH_PATHS = (
					"$(inherited)",
					"@executable_path/Frameworks",
				);
				MARKETING_VERSION = 1.0;
				PRODUCT_BUNDLE_IDENTIFIER = "rrdev.TMDB-VIPER";
				PRODUCT_NAME = "$(TARGET_NAME)";
				SUPPORTED_PLATFORMS = "iphoneos iphonesimulator";
				SUPPORTS_MACCATALYST = NO;
				SUPPORTS_MAC_DESIGNED_FOR_IPHONE_IPAD = NO;
				SWIFT_EMIT_LOC_STRINGS = YES;
				SWIFT_VERSION = 5.0;
				TARGETED_DEVICE_FAMILY = 1;
			};
			name = Release;
		};
/* End XCBuildConfiguration section */

/* Begin XCConfigurationList section */
		01766F982976952D00FED90A /* Build configuration list for PBXProject "TMDB-VIPER" */ = {
			isa = XCConfigurationList;
			buildConfigurations = (
				01766FAF2976952E00FED90A /* Debug */,
				01766FB02976952E00FED90A /* Release */,
			);
			defaultConfigurationIsVisible = 0;
			defaultConfigurationName = Release;
		};
		01766FB12976952E00FED90A /* Build configuration list for PBXNativeTarget "TMDB-VIPER" */ = {
			isa = XCConfigurationList;
			buildConfigurations = (
				01766FB22976952E00FED90A /* Debug */,
				01766FB32976952E00FED90A /* Release */,
			);
			defaultConfigurationIsVisible = 0;
			defaultConfigurationName = Release;
		};
/* End XCConfigurationList section */
	};
	rootObject = 01766F952976952D00FED90A /* Project object */;
}
